{
  "name": "flix1234",
  "version": "1.0.0",
  "lockfileVersion": 3,
  "requires": true,
  "packages": {
    "": {
      "name": "flix1234",
      "version": "1.0.0",
      "license": "MIT",
      "dependencies": {
        "flix123": "^1.0.0"
      }
    },
    "node_modules/flix123": {
      "version": "1.0.0",
      "resolved": "https://registry.npmjs.org/flix123/-/flix123-1.0.0.tgz",
      "integrity": "sha512-OQPttk/98qpuO0npYnvNoS+a0OW7yOHozr64D6OQsPoCV/rvHCEefoPGhm68p3mxxkdDO9CVepag1hjoHzSfZQ=="
    }
  }
}
